
Microsoft Visual Studio Solution File, Format Version 12.00
# Visual Studio Version 16
VisualStudioVersion = 16.0.30204.135
MinimumVisualStudioVersion = 10.0.40219.1
Project("{FAE04EC0-301F-11D3-BF4B-00C04F79EFBC}") = "HelloWorld", "HelloWorld\HelloWorld.csproj", "{3A28AD68-4920-4FBF-AC2D-697259970305}"
EndProject
Global
	GlobalSection(SolutionConfigurationPlatforms) = preSolution
		Debug|Any CPU = Debug|Any CPU
		Release|Any CPU = Release|Any CPU
	EndGlobalSection
	GlobalSection(ProjectConfigurationPlatforms) = postSolution
		{3A28AD68-4920-4FBF-AC2D-697259970305}.Debug|Any CPU.ActiveCfg = Debug|Any CPU
		{3A28AD68-4920-4FBF-AC2D-697259970305}.Debug|Any CPU.Build.0 = Debug|Any CPU
		{3A28AD68-4920-4FBF-AC2D-697259970305}.Release|Any CPU.ActiveCfg = Release|Any CPU
		{3A28AD68-4920-4FBF-AC2D-697259970305}.Release|Any CPU.Build.0 = Release|Any CPU
	EndGlobalSection
	GlobalSection(SolutionProperties) = preSolution
		HideSolutionNode = FALSE
	EndGlobalSection
	GlobalSection(ExtensibilityGlobals) = postSolution
		SolutionGuid = {A1C32B21-E8A8-4E44-AF4F-7D3BD3BB2B00}
	EndGlobalSection
EndGlobal
